// !$*UTF8*$!
{
	archiveVersion = 1;
	classes = {
	};
	objectVersion = 46;
	objects = {

/* Begin PBXBuildFile section */
		A3B407B71B44735400371D00 /* AppDelegate.swift in Sources */ = {isa = PBXBuildFile; fileRef = A3B407B61B44735400371D00 /* AppDelegate.swift */; };
		A3B407BC1B44735400371D00 /* Main.storyboard in Resources */ = {isa = PBXBuildFile; fileRef = A3B407BA1B44735400371D00 /* Main.storyboard */; };
		A3B407BE1B44735400371D00 /* Images.xcassets in Resources */ = {isa = PBXBuildFile; fileRef = A3B407BD1B44735400371D00 /* Images.xcassets */; };
		A3B407C11B44735400371D00 /* LaunchScreen.xib in Resources */ = {isa = PBXBuildFile; fileRef = A3B407BF1B44735400371D00 /* LaunchScreen.xib */; };
		A3B407CD1B44735400371D00 /* SmashtagTests.swift in Sources */ = {isa = PBXBuildFile; fileRef = A3B407CC1B44735400371D00 /* SmashtagTests.swift */; };
		A3B407D71B4473AE00371D00 /* TweetTableViewController.swift in Sources */ = {isa = PBXBuildFile; fileRef = A3B407D61B4473AE00371D00 /* TweetTableViewController.swift */; };
		A3B407E51B44770B00371D00 /* MediaItem.swift in Sources */ = {isa = PBXBuildFile; fileRef = A3B407E11B44770B00371D00 /* MediaItem.swift */; };
		A3B407E61B44770B00371D00 /* Tweet.swift in Sources */ = {isa = PBXBuildFile; fileRef = A3B407E21B44770B00371D00 /* Tweet.swift */; };
		A3B407E71B44770B00371D00 /* TwitterRequest.swift in Sources */ = {isa = PBXBuildFile; fileRef = A3B407E31B44770B00371D00 /* TwitterRequest.swift */; };
		A3B407E81B44770B00371D00 /* User.swift in Sources */ = {isa = PBXBuildFile; fileRef = A3B407E41B44770B00371D00 /* User.swift */; };
		A3B407EA1B44889C00371D00 /* TweetTableViewCell.swift in Sources */ = {isa = PBXBuildFile; fileRef = A3B407E91B44889C00371D00 /* TweetTableViewCell.swift */; };
		A3DC78C51B4852B400546094 /* ImageViewController.swift in Sources */ = {isa = PBXBuildFile; fileRef = A3DC78C41B4852B400546094 /* ImageViewController.swift */; };
		A3DC78C71B48C1E500546094 /* SearchHistoryTableViewController.swift in Sources */ = {isa = PBXBuildFile; fileRef = A3DC78C61B48C1E500546094 /* SearchHistoryTableViewController.swift */; };
		A3E495781B45FBD100A2254F /* MentionsTableViewController.swift in Sources */ = {isa = PBXBuildFile; fileRef = A3E495771B45FBD100A2254F /* MentionsTableViewController.swift */; };
/* End PBXBuildFile section */

/* Begin PBXContainerItemProxy section */
		A3B407C71B44735400371D00 /* PBXContainerItemProxy */ = {
			isa = PBXContainerItemProxy;
			containerPortal = A3B407A91B44735400371D00 /* Project object */;
			proxyType = 1;
			remoteGlobalIDString = A3B407B01B44735400371D00;
			remoteInfo = Smashtag;
		};
/* End PBXContainerItemProxy section */

/* Begin PBXFileReference section */
		A3B407B11B44735400371D00 /* Smashtag.app */ = {isa = PBXFileReference; explicitFileType = wrapper.application; includeInIndex = 0; path = Smashtag.app; sourceTree = BUILT_PRODUCTS_DIR; };
		A3B407B51B44735400371D00 /* Info.plist */ = {isa = PBXFileReference; lastKnownFileType = text.plist.xml; path = Info.plist; sourceTree = "<group>"; };
		A3B407B61B44735400371D00 /* AppDelegate.swift */ = {isa = PBXFileReference; lastKnownFileType = sourcecode.swift; path = AppDelegate.swift; sourceTree = "<group>"; };
		A3B407BB1B44735400371D00 /* Base */ = {isa = PBXFileReference; lastKnownFileType = file.storyboard; name = Base; path = Base.lproj/Main.storyboard; sourceTree = "<group>"; };
		A3B407BD1B44735400371D00 /* Images.xcassets */ = {isa = PBXFileReference; lastKnownFileType = folder.assetcatalog; path = Images.xcassets; sourceTree = "<group>"; };
		A3B407C01B44735400371D00 /* Base */ = {isa = PBXFileReference; lastKnownFileType = file.xib; name = Base; path = Base.lproj/LaunchScreen.xib; sourceTree = "<group>"; };
		A3B407C61B44735400371D00 /* SmashtagTests.xctest */ = {isa = PBXFileReference; explicitFileType = wrapper.cfbundle; includeInIndex = 0; path = SmashtagTests.xctest; sourceTree = BUILT_PRODUCTS_DIR; };
		A3B407CB1B44735400371D00 /* Info.plist */ = {isa = PBXFileReference; lastKnownFileType = text.plist.xml; path = Info.plist; sourceTree = "<group>"; };
		A3B407CC1B44735400371D00 /* SmashtagTests.swift */ = {isa = PBXFileReference; lastKnownFileType = sourcecode.swift; path = SmashtagTests.swift; sourceTree = "<group>"; };
		A3B407D61B4473AE00371D00 /* TweetTableViewController.swift */ = {isa = PBXFileReference; fileEncoding = 4; lastKnownFileType = sourcecode.swift; name = TweetTableViewController.swift; path = Smashtag.xcodeproj/../TweetTableViewController.swift; sourceTree = SOURCE_ROOT; };
		A3B407E11B44770B00371D00 /* MediaItem.swift */ = {isa = PBXFileReference; fileEncoding = 4; lastKnownFileType = sourcecode.swift; path = MediaItem.swift; sourceTree = "<group>"; };
		A3B407E21B44770B00371D00 /* Tweet.swift */ = {isa = PBXFileReference; fileEncoding = 4; lastKnownFileType = sourcecode.swift; path = Tweet.swift; sourceTree = "<group>"; };
		A3B407E31B44770B00371D00 /* TwitterRequest.swift */ = {isa = PBXFileReference; fileEncoding = 4; lastKnownFileType = sourcecode.swift; path = TwitterRequest.swift; sourceTree = "<group>"; };
		A3B407E41B44770B00371D00 /* User.swift */ = {isa = PBXFileReference; fileEncoding = 4; lastKnownFileType = sourcecode.swift; path = User.swift; sourceTree = "<group>"; };
		A3B407E91B44889C00371D00 /* TweetTableViewCell.swift */ = {isa = PBXFileReference; fileEncoding = 4; lastKnownFileType = sourcecode.swift; path = TweetTableViewCell.swift; sourceTree = "<group>"; };
		A3DC78C41B4852B400546094 /* ImageViewController.swift */ = {isa = PBXFileReference; fileEncoding = 4; lastKnownFileType = sourcecode.swift; path = ImageViewController.swift; sourceTree = "<group>"; };
		A3DC78C61B48C1E500546094 /* SearchHistoryTableViewController.swift */ = {isa = PBXFileReference; fileEncoding = 4; lastKnownFileType = sourcecode.swift; path = SearchHistoryTableViewController.swift; sourceTree = "<group>"; };
		A3E495771B45FBD100A2254F /* MentionsTableViewController.swift */ = {isa = PBXFileReference; fileEncoding = 4; lastKnownFileType = sourcecode.swift; path = MentionsTableViewController.swift; sourceTree = "<group>"; };
/* End PBXFileReference section */

/* Begin PBXFrameworksBuildPhase section */
		A3B407AE1B44735400371D00 /* Frameworks */ = {
			isa = PBXFrameworksBuildPhase;
			buildActionMask = 2147483647;
			files = (
			);
			runOnlyForDeploymentPostprocessing = 0;
		};
		A3B407C31B44735400371D00 /* Frameworks */ = {
			isa = PBXFrameworksBuildPhase;
			buildActionMask = 2147483647;
			files = (
			);
			runOnlyForDeploymentPostprocessing = 0;
		};
/* End PBXFrameworksBuildPhase section */

/* Begin PBXGroup section */
		A3B407A81B44735400371D00 = {
			isa = PBXGroup;
			children = (
				A3B407B31B44735400371D00 /* Smashtag */,
				A3B407C91B44735400371D00 /* SmashtagTests */,
				A3B407B21B44735400371D00 /* Products */,
			);
			sourceTree = "<group>";
		};
		A3B407B21B44735400371D00 /* Products */ = {
			isa = PBXGroup;
			children = (
				A3B407B11B44735400371D00 /* Smashtag.app */,
				A3B407C61B44735400371D00 /* SmashtagTests.xctest */,
			);
			name = Products;
			sourceTree = "<group>";
		};
		A3B407B31B44735400371D00 /* Smashtag */ = {
			isa = PBXGroup;
			children = (
				A3B407D61B4473AE00371D00 /* TweetTableViewController.swift */,
				A3B407E91B44889C00371D00 /* TweetTableViewCell.swift */,
				A3B407E01B44770B00371D00 /* Twitter Swift 1.2 */,
				A3B407BA1B44735400371D00 /* Main.storyboard */,
				A3DC78C61B48C1E500546094 /* SearchHistoryTableViewController.swift */,
				A3E495771B45FBD100A2254F /* MentionsTableViewController.swift */,
				A3DC78C41B4852B400546094 /* ImageViewController.swift */,
				A3B407B41B44735400371D00 /* Supporting Files */,
			);
			path = Smashtag;
			sourceTree = "<group>";
		};
		A3B407B41B44735400371D00 /* Supporting Files */ = {
			isa = PBXGroup;
			children = (
				A3B407BD1B44735400371D00 /* Images.xcassets */,
				A3B407BF1B44735400371D00 /* LaunchScreen.xib */,
				A3B407B61B44735400371D00 /* AppDelegate.swift */,
				A3B407B51B44735400371D00 /* Info.plist */,
			);
			name = "Supporting Files";
			sourceTree = "<group>";
		};
		A3B407C91B44735400371D00 /* SmashtagTests */ = {
			isa = PBXGroup;
			children = (
				A3B407CC1B44735400371D00 /* SmashtagTests.swift */,
				A3B407CA1B44735400371D00 /* Supporting Files */,
			);
			path = SmashtagTests;
			sourceTree = "<group>";
		};
		A3B407CA1B44735400371D00 /* Supporting Files */ = {
			isa = PBXGroup;
			children = (
				A3B407CB1B44735400371D00 /* Info.plist */,
			);
			name = "Supporting Files";
			sourceTree = "<group>";
		};
		A3B407E01B44770B00371D00 /* Twitter Swift 1.2 */ = {
			isa = PBXGroup;
			children = (
				A3B407E11B44770B00371D00 /* MediaItem.swift */,
				A3B407E21B44770B00371D00 /* Tweet.swift */,
				A3B407E31B44770B00371D00 /* TwitterRequest.swift */,
				A3B407E41B44770B00371D00 /* User.swift */,
			);
			name = "Twitter Swift 1.2";
			path = "../../../Downloads/Twitter Swift 1.2";
			sourceTree = "<group>";
		};
/* End PBXGroup section */

/* Begin PBXNativeTarget section */
		A3B407B01B44735400371D00 /* Smashtag */ = {
			isa = PBXNativeTarget;
			buildConfigurationList = A3B407D01B44735400371D00 /* Build configuration list for PBXNativeTarget "Smashtag" */;
			buildPhases = (
				A3B407AD1B44735400371D00 /* Sources */,
				A3B407AE1B44735400371D00 /* Frameworks */,
				A3B407AF1B44735400371D00 /* Resources */,
			);
			buildRules = (
			);
			dependencies = (
			);
			name = Smashtag;
			productName = Smashtag;
			productReference = A3B407B11B44735400371D00 /* Smashtag.app */;
			productType = "com.apple.product-type.application";
		};
		A3B407C51B44735400371D00 /* SmashtagTests */ = {
			isa = PBXNativeTarget;
			buildConfigurationList = A3B407D31B44735400371D00 /* Build configuration list for PBXNativeTarget "SmashtagTests" */;
			buildPhases = (
				A3B407C21B44735400371D00 /* Sources */,
				A3B407C31B44735400371D00 /* Frameworks */,
				A3B407C41B44735400371D00 /* Resources */,
			);
			buildRules = (
			);
			dependencies = (
				A3B407C81B44735400371D00 /* PBXTargetDependency */,
			);
			name = SmashtagTests;
			productName = SmashtagTests;
			productReference = A3B407C61B44735400371D00 /* SmashtagTests.xctest */;
			productType = "com.apple.product-type.bundle.unit-test";
		};
/* End PBXNativeTarget section */

/* Begin PBXProject section */
		A3B407A91B44735400371D00 /* Project object */ = {
			isa = PBXProject;
			attributes = {
				LastUpgradeCheck = 0630;
				ORGANIZATIONNAME = "Brian Jewkes";
				TargetAttributes = {
					A3B407B01B44735400371D00 = {
						CreatedOnToolsVersion = 6.3.2;
					};
					A3B407C51B44735400371D00 = {
						CreatedOnToolsVersion = 6.3.2;
						TestTargetID = A3B407B01B44735400371D00;
					};
				};
			};
			buildConfigurationList = A3B407AC1B44735400371D00 /* Build configuration list for PBXProject "Smashtag" */;
			compatibilityVersion = "Xcode 3.2";
			developmentRegion = English;
			hasScannedForEncodings = 0;
			knownRegions = (
				en,
				Base,
			);
			mainGroup = A3B407A81B44735400371D00;
			productRefGroup = A3B407B21B44735400371D00 /* Products */;
			projectDirPath = "";
			projectRoot = "";
			targets = (
				A3B407B01B44735400371D00 /* Smashtag */,
				A3B407C51B44735400371D00 /* SmashtagTests */,
			);
		};
/* End PBXProject section */

/* Begin PBXResourcesBuildPhase section */
		A3B407AF1B44735400371D00 /* Resources */ = {
			isa = PBXResourcesBuildPhase;
			buildActionMask = 2147483647;
			files = (
				A3B407BC1B44735400371D00 /* Main.storyboard in Resources */,
				A3B407C11B44735400371D00 /* LaunchScreen.xib in Resources */,
				A3B407BE1B44735400371D00 /* Images.xcassets in Resources */,
			);
			runOnlyForDeploymentPostprocessing = 0;
		};
		A3B407C41B44735400371D00 /* Resources */ = {
			isa = PBXResourcesBuildPhase;
			buildActionMask = 2147483647;
			files = (
			);
			runOnlyForDeploymentPostprocessing = 0;
		};
/* End PBXResourcesBuildPhase section */

/* Begin PBXSourcesBuildPhase section */
		A3B407AD1B44735400371D00 /* Sources */ = {
			isa = PBXSourcesBuildPhase;
			buildActionMask = 2147483647;
			files = (
				A3DC78C71B48C1E500546094 /* SearchHistoryTableViewController.swift in Sources */,
				A3E495781B45FBD100A2254F /* MentionsTableViewController.swift in Sources */,
				A3DC78C51B4852B400546094 /* ImageViewController.swift in Sources */,
				A3B407B71B44735400371D00 /* AppDelegate.swift in Sources */,
				A3B407E71B44770B00371D00 /* TwitterRequest.swift in Sources */,
				A3B407E81B44770B00371D00 /* User.swift in Sources */,
				A3B407D71B4473AE00371D00 /* TweetTableViewController.swift in Sources */,
				A3B407E51B44770B00371D00 /* MediaItem.swift in Sources */,
				A3B407E61B44770B00371D00 /* Tweet.swift in Sources */,
				A3B407EA1B44889C00371D00 /* TweetTableViewCell.swift in Sources */,
			);
			runOnlyForDeploymentPostprocessing = 0;
		};
		A3B407C21B44735400371D00 /* Sources */ = {
			isa = PBXSourcesBuildPhase;
			buildActionMask = 2147483647;
			files = (
				A3B407CD1B44735400371D00 /* SmashtagTests.swift in Sources */,
			);
			runOnlyForDeploymentPostprocessing = 0;
		};
/* End PBXSourcesBuildPhase section */

/* Begin PBXTargetDependency section */
		A3B407C81B44735400371D00 /* PBXTargetDependency */ = {
			isa = PBXTargetDependency;
			target = A3B407B01B44735400371D00 /* Smashtag */;
			targetProxy = A3B407C71B44735400371D00 /* PBXContainerItemProxy */;
		};
/* End PBXTargetDependency section */

/* Begin PBXVariantGroup section */
		A3B407BA1B44735400371D00 /* Main.storyboard */ = {
			isa = PBXVariantGroup;
			children = (
				A3B407BB1B44735400371D00 /* Base */,
			);
			name = Main.storyboard;
			sourceTree = "<group>";
		};
		A3B407BF1B44735400371D00 /* LaunchScreen.xib */ = {
			isa = PBXVariantGroup;
			children = (
				A3B407C01B44735400371D00 /* Base */,
			);
			name = LaunchScreen.xib;
			sourceTree = "<group>";
		};
/* End PBXVariantGroup section */

/* Begin XCBuildConfiguration section */
		A3B407CE1B44735400371D00 /* Debug */ = {
			isa = XCBuildConfiguration;
			buildSettings = {
				ALWAYS_SEARCH_USER_PATHS = NO;
				CLANG_CXX_LANGUAGE_STANDARD = "gnu++0x";
				CLANG_CXX_LIBRARY = "libc++";
				CLANG_ENABLE_MODULES = YES;
				CLANG_ENABLE_OBJC_ARC = YES;
				CLANG_WARN_BOOL_CONVERSION = YES;
				CLANG_WARN_CONSTANT_CONVERSION = YES;
				CLANG_WARN_DIRECT_OBJC_ISA_USAGE = YES_ERROR;
				CLANG_WARN_EMPTY_BODY = YES;
				CLANG_WARN_ENUM_CONVERSION = YES;
				CLANG_WARN_INT_CONVERSION = YES;
				CLANG_WARN_OBJC_ROOT_CLASS = YES_ERROR;
				CLANG_WARN_UNREACHABLE_CODE = YES;
				CLANG_WARN__DUPLICATE_METHOD_MATCH = YES;
				"CODE_SIGN_IDENTITY[sdk=iphoneos*]" = "iPhone Developer";
				COPY_PHASE_STRIP = NO;
				DEBUG_INFORMATION_FORMAT = "dwarf-with-dsym";
				ENABLE_STRICT_OBJC_MSGSEND = YES;
				GCC_C_LANGUAGE_STANDARD = gnu99;
				GCC_DYNAMIC_NO_PIC = NO;
				GCC_NO_COMMON_BLOCKS = YES;
				GCC_OPTIMIZATION_LEVEL = 0;
				GCC_PREPROCESSOR_DEFINITIONS = (
					"DEBUG=1",
					"$(inherited)",
				);
				GCC_SYMBOLS_PRIVATE_EXTERN = NO;
				GCC_WARN_64_TO_32_BIT_CONVERSION = YES;
				GCC_WARN_ABOUT_RETURN_TYPE = YES_ERROR;
				GCC_WARN_UNDECLARED_SELECTOR = YES;
				GCC_WARN_UNINITIALIZED_AUTOS = YES_AGGRESSIVE;
				GCC_WARN_UNUSED_FUNCTION = YES;
				GCC_WARN_UNUSED_VARIABLE = YES;
				IPHONEOS_DEPLOYMENT_TARGET = 8.3;
				MTL_ENABLE_DEBUG_INFO = YES;
				ONLY_ACTIVE_ARCH = YES;
				SDKROOT = iphoneos;
				SWIFT_OPTIMIZATION_LEVEL = "-Onone";
				TARGETED_DEVICE_FAMILY = "1,2";
			};
			name = Debug;
		};
		A3B407CF1B44735400371D00 /* Release */ = {
			isa = XCBuildConfiguration;
			buildSettings = {
				ALWAYS_SEARCH_USER_PATHS = NO;
				CLANG_CXX_LANGUAGE_STANDARD = "gnu++0x";
				CLANG_CXX_LIBRARY = "libc++";
				CLANG_ENABLE_MODULES = YES;
				CLANG_ENABLE_OBJC_ARC = YES;
				CLANG_WARN_BOOL_CONVERSION = YES;
				CLANG_WARN_CONSTANT_CONVERSION = YES;
				CLANG_WARN_DIRECT_OBJC_ISA_USAGE = YES_ERROR;
				CLANG_WARN_EMPTY_BODY = YES;
				CLANG_WARN_ENUM_CONVERSION = YES;
				CLANG_WARN_INT_CONVERSION = YES;
				CLANG_WARN_OBJC_ROOT_CLASS = YES_ERROR;
				CLANG_WARN_UNREACHABLE_CODE = YES;
				CLANG_WARN__DUPLICATE_METHOD_MATCH = YES;
				"CODE_SIGN_IDENTITY[sdk=iphoneos*]" = "iPhone Developer";
				COPY_PHASE_STRIP = NO;
				DEBUG_INFORMATION_FORMAT = "dwarf-with-dsym";
				ENABLE_NS_ASSERTIONS = NO;
				ENABLE_STRICT_OBJC_MSGSEND = YES;
				GCC_C_LANGUAGE_STANDARD = gnu99;
				GCC_NO_COMMON_BLOCKS = YES;
				GCC_WARN_64_TO_32_BIT_CONVERSION = YES;
				GCC_WARN_ABOUT_RETURN_TYPE = YES_ERROR;
				GCC_WARN_UNDECLARED_SELECTOR = YES;
				GCC_WARN_UNINITIALIZED_AUTOS = YES_AGGRESSIVE;
				GCC_WARN_UNUSED_FUNCTION = YES;
				GCC_WARN_UNUSED_VARIABLE = YES;
				IPHONEOS_DEPLOYMENT_TARGET = 8.3;
				MTL_ENABLE_DEBUG_INFO = NO;
				SDKROOT = iphoneos;
				TARGETED_DEVICE_FAMILY = "1,2";
				VALIDATE_PRODUCT = YES;
			};
			name = Release;
		};
		A3B407D11B44735400371D00 /* Debug */ = {
			isa = XCBuildConfiguration;
			buildSettings = {
				ASSETCATALOG_COMPILER_APPICON_NAME = AppIcon;
				INFOPLIST_FILE = Smashtag/Info.plist;
				LD_RUNPATH_SEARCH_PATHS = "$(inherited) @executable_path/Frameworks";
				PRODUCT_NAME = "$(TARGET_NAME)";
			};
			name = Debug;
		};
		A3B407D21B44735400371D00 /* Release */ = {
			isa = XCBuildConfiguration;
			buildSettings = {
				ASSETCATALOG_COMPILER_APPICON_NAME = AppIcon;
				INFOPLIST_FILE = Smashtag/Info.plist;
				LD_RUNPATH_SEARCH_PATHS = "$(inherited) @executable_path/Frameworks";
				PRODUCT_NAME = "$(TARGET_NAME)";
			};
			name = Release;
		};
		A3B407D41B44735400371D00 /* Debug */ = {
			isa = XCBuildConfiguration;
			buildSettings = {
				BUNDLE_LOADER = "$(TEST_HOST)";
				FRAMEWORK_SEARCH_PATHS = (
					"$(SDKROOT)/Developer/Library/Frameworks",
					"$(inherited)",
				);
				GCC_PREPROCESSOR_DEFINITIONS = (
					"DEBUG=1",
					"$(inherited)",
				);
				INFOPLIST_FILE = SmashtagTests/Info.plist;
				LD_RUNPATH_SEARCH_PATHS = "$(inherited) @executable_path/Frameworks @loader_path/Frameworks";
				PRODUCT_NAME = "$(TARGET_NAME)";
				TEST_HOST = "$(BUILT_PRODUCTS_DIR)/Smashtag.app/Smashtag";
			};
			name = Debug;
		};
		A3B407D51B44735400371D00 /* Release */ = {
			isa = XCBuildConfiguration;
			buildSettings = {
				BUNDLE_LOADER = "$(TEST_HOST)";
				FRAMEWORK_SEARCH_PATHS = (
					"$(SDKROOT)/Developer/Library/Frameworks",
					"$(inherited)",
				);
				INFOPLIST_FILE = SmashtagTests/Info.plist;
				LD_RUNPATH_SEARCH_PATHS = "$(inherited) @executable_path/Frameworks @loader_path/Frameworks";
				PRODUCT_NAME = "$(TARGET_NAME)";
				TEST_HOST = "$(BUILT_PRODUCTS_DIR)/Smashtag.app/Smashtag";
			};
			name = Release;
		};
/* End XCBuildConfiguration section */

/* Begin XCConfigurationList section */
		A3B407AC1B44735400371D00 /* Build configuration list for PBXProject "Smashtag" */ = {
			isa = XCConfigurationList;
			buildConfigurations = (
				A3B407CE1B44735400371D00 /* Debug */,
				A3B407CF1B44735400371D00 /* Release */,
			);
			defaultConfigurationIsVisible = 0;
			defaultConfigurationName = Release;
		};
		A3B407D01B44735400371D00 /* Build configuration list for PBXNativeTarget "Smashtag" */ = {
			isa = XCConfigurationList;
			buildConfigurations = (
				A3B407D11B44735400371D00 /* Debug */,
				A3B407D21B44735400371D00 /* Release */,
			);
			defaultConfigurationIsVisible = 0;
			defaultConfigurationName = Release;
		};
		A3B407D31B44735400371D00 /* Build configuration list for PBXNativeTarget "SmashtagTests" */ = {
			isa = XCConfigurationList;
			buildConfigurations = (
				A3B407D41B44735400371D00 /* Debug */,
				A3B407D51B44735400371D00 /* Release */,
			);
			defaultConfigurationIsVisible = 0;
			defaultConfigurationName = Release;
		};
/* End XCConfigurationList section */
	};
	rootObject = A3B407A91B44735400371D00 /* Project object */;
}
